schema: '2.0'
stages:
  data_generation:
    cmd: python -m src.data_generation.main --users 10000 --products 1000 --interactions
      100000
    deps:
    - path: config/
      hash: md5
      md5: c1d652dc01675100cd566b4024798bb8.dir
      size: 20453
      nfiles: 5
    - path: requirements.txt
      hash: md5
      md5: 4642635beb7e8716dccf665721b1fc2c
      size: 1032
    - path: src/data_generation/
      hash: md5
      md5: c90a928c5da6dcf87887190313301e41.dir
      size: 103507
      nfiles: 8
    - path: src/utils/
      hash: md5
      md5: 499e14e052337c924d701c172646f2ec.dir
      size: 43432
      nfiles: 6
    outs:
    - path: data/raw/categories/categories.parquet
      hash: md5
      md5: 332b839a6c6ceff5049b3f49a1a734f3
      size: 6750
    - path: data/raw/interactions/interactions.parquet
      hash: md5
      md5: 683562e93b46b47133801918bb9f42c4
      size: 3423795
    - path: data/raw/metadata/generation_metadata.json
      hash: md5
      md5: b1dbdfd74acf4df5992dc77fc5627fd4
      size: 421
    - path: data/raw/products/products.parquet
      hash: md5
      md5: b71f1ed0ae32c631485b11822e86daf0
      size: 81616
    - path: data/raw/users/users.parquet
      hash: md5
      md5: 596f11723609ab2dd02a4cad194269b2
      size: 408452
  data_validation:
    cmd: python -m src.validation.main --output-report data/validation_report.txt
      --quality-threshold 0.8
    deps:
    - path: config
      hash: md5
      md5: c1d652dc01675100cd566b4024798bb8.dir
      size: 20453
      nfiles: 5
    - path: data/raw
      hash: md5
      md5: 6742d2c90613962cc8010358028b8720.dir
      size: 3846214
      nfiles: 6
    - path: src/utils
      hash: md5
      md5: 499e14e052337c924d701c172646f2ec.dir
      size: 43432
      nfiles: 6
    - path: src/validation
      hash: md5
      md5: 26b837d799ac7679f89d7e0a85ab7723.dir
      size: 58030
      nfiles: 6
    outs:
    - path: data/validation_report.txt
      hash: md5
      md5: 8bdbedae1acb4bcf4c9462377a221d8c
      size: 726
  data_processing:
    cmd: python -m src.processing.main
    deps:
    - path: config
      hash: md5
      md5: c1d652dc01675100cd566b4024798bb8.dir
      size: 20453
      nfiles: 5
    - path: data/raw
      hash: md5
      md5: 03e744f76e9e529c643c3ff8f901a5eb.dir
      size: 3927182
      nfiles: 6
    - path: src/processing
      hash: md5
      md5: 980cb984ef2b0b3e00e8f611d456a117.dir
      size: 113930
      nfiles: 12
    - path: src/utils
      hash: md5
      md5: 499e14e052337c924d701c172646f2ec.dir
      size: 43432
      nfiles: 6
    outs:
    - path: data/features
      hash: md5
      md5: 34a070b3b4511bf98370ebfe112b33f0.dir
      size: 6160597
      nfiles: 3
    - path: data/processed/item_mapping.pkl
      hash: md5
      md5: 81111dd08b26fd9321b23ddd3e59a2fb
      size: 21847
    - path: data/processed/user_item_matrix.npz
      hash: md5
      md5: 83abdbec7383c7b67fe8df92ff4ec04b
      size: 194441
    - path: data/processed/user_mapping.pkl
      hash: md5
      md5: 9b314dc495f9c975ac50cea35b336415
      size: 219892
