schema: '2.0'
stages:
  data_generation:
    cmd: python -m src.data_generation.main --users 10000 --products 1000 --interactions
      100000
    deps:
    - path: config/
      hash: md5
      md5: c1d652dc01675100cd566b4024798bb8.dir
      size: 20453
      nfiles: 5
    - path: requirements.txt
      hash: md5
      md5: 4642635beb7e8716dccf665721b1fc2c
      size: 1032
    - path: src/data_generation/
      hash: md5
      md5: c90a928c5da6dcf87887190313301e41.dir
      size: 103507
      nfiles: 8
    - path: src/utils/
      hash: md5
      md5: 499e14e052337c924d701c172646f2ec.dir
      size: 43432
      nfiles: 6
    outs:
    - path: data/raw/categories/categories.parquet
      hash: md5
      md5: 332b839a6c6ceff5049b3f49a1a734f3
      size: 6750
    - path: data/raw/interactions/interactions.parquet
      hash: md5
      md5: 71f7797a459c66e4210db2a54eb30808
      size: 3423609
    - path: data/raw/metadata/generation_metadata.json
      hash: md5
      md5: e8e92183f62b98ae9654f9dc12ea25ca
      size: 421
    - path: data/raw/products/products.parquet
      hash: md5
      md5: fc0d36aac745ad31ddac53b586e38066
      size: 81616
    - path: data/raw/users/users.parquet
      hash: md5
      md5: 5adb8e60863297cf6b22c37f080050f4
      size: 410650
  data_validation:
    cmd: python -m src.validation.main --output-report data/validation_report.txt
      --quality-threshold 0.8
    deps:
    - path: config
      hash: md5
      md5: c1d652dc01675100cd566b4024798bb8.dir
      size: 20453
      nfiles: 5
    - path: data/raw
      hash: md5
      md5: 6742d2c90613962cc8010358028b8720.dir
      size: 3846214
      nfiles: 6
    - path: src/utils
      hash: md5
      md5: 499e14e052337c924d701c172646f2ec.dir
      size: 43432
      nfiles: 6
    - path: src/validation
      hash: md5
      md5: 26b837d799ac7679f89d7e0a85ab7723.dir
      size: 58030
      nfiles: 6
    outs:
    - path: data/validation_report.txt
      hash: md5
      md5: 8bdbedae1acb4bcf4c9462377a221d8c
      size: 726
  data_processing:
    cmd: python -m src.processing.main
    deps:
    - path: config
      hash: md5
      md5: c1d652dc01675100cd566b4024798bb8.dir
      size: 20453
      nfiles: 5
    - path: data/raw
      hash: md5
      md5: 8b6a2a266ffe42d7b90e37762c5c351c.dir
      size: 3929194
      nfiles: 6
    - path: src/processing
      hash: md5
      md5: 93f1472d0363af98473ccdd570c35b3d.dir
      size: 113877
      nfiles: 12
    - path: src/utils
      hash: md5
      md5: 499e14e052337c924d701c172646f2ec.dir
      size: 43432
      nfiles: 6
    outs:
    - path: data/features
      hash: md5
      md5: 868052cf0a00f99347494ae50b136ce6.dir
      size: 6164742
      nfiles: 3
    - path: data/processed/item_mapping.pkl
      hash: md5
      md5: 81111dd08b26fd9321b23ddd3e59a2fb
      size: 21847
    - path: data/processed/user_item_matrix.npz
      hash: md5
      md5: 83abdbec7383c7b67fe8df92ff4ec04b
      size: 194441
    - path: data/processed/user_mapping.pkl
      hash: md5
      md5: 9b314dc495f9c975ac50cea35b336415
      size: 219892
